{
    "_readme": [
        "This file locks the dependencies of your project to a known state",
        "Read more about it at https://getcomposer.org/doc/01-basic-usage.md#composer-lock-the-lock-file",
        "This file is @generated automatically"
    ],
    "content-hash": "64eebb38a73c8626f8a2e61b8c004fd7",
    "packages": [
        {
            "name": "creof/doctrine2-spatial",
            "version": "1.2.0",
            "source": {
                "type": "git",
                "url": "https://github.com/creof/doctrine2-spatial.git",
                "reference": "58ea5fae1c1b450ee08d7dac25cd9e8f5e6fdebd"
            },
            "dist": {
                "type": "zip",
                "url": "https://api.github.com/repos/creof/doctrine2-spatial/zipball/58ea5fae1c1b450ee08d7dac25cd9e8f5e6fdebd",
                "reference": "58ea5fae1c1b450ee08d7dac25cd9e8f5e6fdebd",
                "shasum": ""
            },
            "require": {
                "creof/geo-parser": "~2.0",
                "creof/wkb-parser": "~2.0",
                "creof/wkt-parser": "~2.0",
                "doctrine/orm": ">=2.3"
            },
            "require-dev": {
                "phpunit/phpcov": "*",
                "phpunit/phpunit": "<5.0",
                "satooshi/php-coveralls": "~1.0"
            },
            "type": "library",
            "autoload": {
                "psr-0": {
                    "CrEOF\\Spatial": "lib/"
                }
            },
            "notification-url": "https://packagist.org/downloads/",
            "license": [
                "MIT"
            ],
            "authors": [
                {
                    "name": "Derek Lambert",
                    "email": "dlambert@dereklambert.com"
                }
            ],
            "description": "Doctrine2 multi-platform support for spatial types and functions",
            "keywords": [
                "database",
                "dbal",
                "geography",
                "geometry",
                "gis",
                "mysql",
                "opengis",
                "orm",
                "postgis",
                "postgresql",
                "spatial"
            ],
            "time": "2017-07-13T16:48:25+00:00"
        },
        {
            "name": "creof/geo-parser",
            "version": "2.1.0",
            "source": {
                "type": "git",
                "url": "https://github.com/creof/geo-parser.git",
                "reference": "14fbd732207bc264cfeff836230ef6022bb751b6"
            },
            "dist": {
                "type": "zip",
                "url": "https://api.github.com/repos/creof/geo-parser/zipball/14fbd732207bc264cfeff836230ef6022bb751b6",
                "reference": "14fbd732207bc264cfeff836230ef6022bb751b6",
                "shasum": ""
            },
            "require": {
                "doctrine/lexer": ">=1.0",
                "ext-spl": "*",
                "php": ">=5.3.3"
            },
            "require-dev": {
                "codeclimate/php-test-reporter": "dev-master",
                "phpunit/phpunit": ">=4.8"
            },
            "type": "library",
            "autoload": {
                "psr-0": {
                    "CrEOF\\Geo\\String": "lib/"
                }
            },
            "notification-url": "https://packagist.org/downloads/",
            "license": [
                "MIT"
            ],
            "authors": [
                {
                    "name": "Derek J. Lambert",
                    "email": "dlambert@dereklambert.com"
                }
            ],
            "description": "Parser for geography coordinate strings",
            "keywords": [
                "coordinate",
                "geo",
                "geography",
                "geometry",
                "lexer",
                "parser",
                "spatial",
                "string",
                "text"
            ],
            "time": "2016-05-03T18:19:41+00:00"
        },
        {
            "name": "creof/wkb-parser",
            "version": "v2.3.0",
            "source": {
                "type": "git",
                "url": "https://github.com/creof/wkb-parser.git",
                "reference": "1ddb69da8cc90607dd528fd9992ef1fc10cc8839"
            },
            "dist": {
                "type": "zip",
                "url": "https://api.github.com/repos/creof/wkb-parser/zipball/1ddb69da8cc90607dd528fd9992ef1fc10cc8839",
                "reference": "1ddb69da8cc90607dd528fd9992ef1fc10cc8839",
                "shasum": ""
            },
            "require": {
                "ext-spl": "*",
                "php": ">=5.3.3"
            },
            "require-dev": {
                "codeclimate/php-test-reporter": "dev-master",
                "phpunit/phpunit": ">=4.8",
                "satooshi/php-coveralls": "~1.0"
            },
            "type": "library",
            "autoload": {
                "psr-0": {
                    "CrEOF\\Geo\\WKB": "lib/"
                }
            },
            "notification-url": "https://packagist.org/downloads/",
            "license": [
                "MIT"
            ],
            "authors": [
                {
                    "name": "Derek J. Lambert",
                    "email": "dlambert@dereklambert.com"
                }
            ],
            "description": "Parser for well-known binary (WKB/EWKB) object data",
            "keywords": [
                "ewkb",
                "geography",
                "geometry",
                "parser",
                "spatial",
                "string",
                "text",
                "wkb"
            ],
            "time": "2016-05-22T22:47:16+00:00"
        },
        {
            "name": "creof/wkt-parser",
            "version": "2.2.0",
            "source": {
                "type": "git",
                "url": "https://github.com/creof/wkt-parser.git",
                "reference": "bc4c051b7a4e99b4943e2ec358218ed200aa991e"
            },
            "dist": {
                "type": "zip",
                "url": "https://api.github.com/repos/creof/wkt-parser/zipball/bc4c051b7a4e99b4943e2ec358218ed200aa991e",
                "reference": "bc4c051b7a4e99b4943e2ec358218ed200aa991e",
                "shasum": ""
            },
            "require": {
                "doctrine/lexer": "~1.0",
                "ext-spl": "*",
                "php": ">=5.3.3"
            },
            "require-dev": {
                "codeclimate/php-test-reporter": "dev-master",
                "phpunit/phpunit": ">=4.8"
            },
            "type": "library",
            "autoload": {
                "psr-0": {
                    "CrEOF\\Geo\\WKT": "lib/"
                }
            },
            "notification-url": "https://packagist.org/downloads/",
            "license": [
                "MIT"
            ],
            "authors": [
                {
                    "name": "Derek J. Lambert",
                    "email": "dlambert@dereklambert.com"
                }
            ],
            "description": "Parser for well-known text (WKT) object strings",
            "keywords": [
                "ewkt",
                "geography",
                "geometry",
                "lexer",
                "parser",
                "spatial",
                "string",
                "text",
                "wkt"
            ],
            "time": "2016-05-03T16:15:16+00:00"
        },
        {
            "name": "doctrine/lexer",
            "version": "v1.0.1",
            "source": {
                "type": "git",
                "url": "https://github.com/doctrine/lexer.git",
                "reference": "83893c552fd2045dd78aef794c31e694c37c0b8c"
            },
            "dist": {
                "type": "zip",
                "url": "https://api.github.com/repos/doctrine/lexer/zipball/83893c552fd2045dd78aef794c31e694c37c0b8c",
                "reference": "83893c552fd2045dd78aef794c31e694c37c0b8c",
                "shasum": ""
            },
            "require": {
                "php": ">=5.3.2"
            },
            "type": "library",
            "extra": {
                "branch-alias": {
                    "dev-master": "1.0.x-dev"
                }
            },
            "autoload": {
                "psr-0": {
                    "Doctrine\\Common\\Lexer\\": "lib/"
                }
            },
            "notification-url": "https://packagist.org/downloads/",
            "license": [
                "MIT"
            ],
            "authors": [
                {
                    "name": "Roman Borschel",
                    "email": "roman@code-factory.org"
                },
                {
                    "name": "Guilherme Blanco",
                    "email": "guilhermeblanco@gmail.com"
                },
                {
                    "name": "Johannes Schmitt",
                    "email": "schmittjoh@gmail.com"
                }
            ],
            "description": "Base library for a lexer that can be used in Top-Down, Recursive Descent Parsers.",
            "homepage": "http://www.doctrine-project.org",
            "keywords": [
                "lexer",
                "parser"
            ],
            "time": "2014-09-09T13:34:57+00:00"
        },
        {
            "name": "firebase/php-jwt",
            "version": "v5.0.0",
            "source": {
                "type": "git",
                "url": "https://github.com/firebase/php-jwt.git",
                "reference": "9984a4d3a32ae7673d6971ea00bae9d0a1abba0e"
            },
            "dist": {
                "type": "zip",
                "url": "https://api.github.com/repos/firebase/php-jwt/zipball/9984a4d3a32ae7673d6971ea00bae9d0a1abba0e",
                "reference": "9984a4d3a32ae7673d6971ea00bae9d0a1abba0e",
                "shasum": ""
            },
            "require": {
                "php": ">=5.3.0"
            },
            "require-dev": {
                "phpunit/phpunit": " 4.8.35"
            },
            "type": "library",
            "autoload": {
                "psr-4": {
                    "Firebase\\JWT\\": "src"
                }
            },
            "notification-url": "https://packagist.org/downloads/",
            "license": [
                "BSD-3-Clause"
            ],
            "authors": [
                {
                    "name": "Neuman Vong",
                    "email": "neuman+pear@twilio.com",
                    "role": "Developer"
                },
                {
                    "name": "Anant Narayanan",
                    "email": "anant@php.net",
                    "role": "Developer"
                }
            ],
            "description": "A simple library to encode and decode JSON Web Tokens (JWT) in PHP. Should conform to the current spec.",
            "homepage": "https://github.com/firebase/php-jwt",
            "time": "2017-06-27T22:17:23+00:00"
        }
    ],
    "packages-dev": [],
    "aliases": [],
    "minimum-stability": "stable",
    "stability-flags": [],
    "prefer-stable": false,
    "prefer-lowest": false,
    "platform": [],
    "platform-dev": []
}
