{
    "_readme": [
        "This file locks the dependencies of your project to a known state",
        "Read more about it at https://getcomposer.org/doc/01-basic-usage.md#installing-dependencies",
        "This file is @generated automatically"
    ],
    "content-hash": "64eebb38a73c8626f8a2e61b8c004fd7",
    "packages": [
        {
            "name": "creof/doctrine2-spatial",
            "version": "1.2.0",
            "source": {
                "type": "git",
                "url": "https://github.com/creof/doctrine2-spatial.git",
                "reference": "58ea5fae1c1b450ee08d7dac25cd9e8f5e6fdebd"
            },
            "dist": {
                "type": "zip",
                "url": "https://api.github.com/repos/creof/doctrine2-spatial/zipball/58ea5fae1c1b450ee08d7dac25cd9e8f5e6fdebd",
                "reference": "58ea5fae1c1b450ee08d7dac25cd9e8f5e6fdebd",
                "shasum": ""
            },
            "require": {
                "creof/geo-parser": "~2.0",
                "creof/wkb-parser": "~2.0",
                "creof/wkt-parser": "~2.0",
                "doctrine/orm": ">=2.3"
            },
            "require-dev": {
                "phpunit/phpcov": "*",
                "phpunit/phpunit": "<5.0",
                "satooshi/php-coveralls": "~1.0"
            },
            "type": "library",
            "autoload": {
                "psr-0": {
                    "CrEOF\\Spatial": "lib/"
                }
            },
            "notification-url": "https://packagist.org/downloads/",
            "license": [
                "MIT"
            ],
            "authors": [
                {
                    "name": "Derek Lambert",
                    "email": "dlambert@dereklambert.com"
                }
            ],
            "description": "Doctrine2 multi-platform support for spatial types and functions",
            "keywords": [
                "database",
                "dbal",
                "geography",
                "geometry",
                "gis",
                "mysql",
                "opengis",
                "orm",
                "postgis",
                "postgresql",
                "spatial"
            ],
            "time": "2017-07-13T16:48:25+00:00"
        },
        {
            "name": "creof/geo-parser",
            "version": "2.2.1",
            "source": {
                "type": "git",
                "url": "https://github.com/creof/geo-parser.git",
                "reference": "b55553a54c7775576c9ee629847973d0b6d7cbed"
            },
            "dist": {
                "type": "zip",
                "url": "https://api.github.com/repos/creof/geo-parser/zipball/b55553a54c7775576c9ee629847973d0b6d7cbed",
                "reference": "b55553a54c7775576c9ee629847973d0b6d7cbed",
                "shasum": ""
            },
            "require": {
                "doctrine/lexer": ">=1.0",
                "ext-spl": "*",
                "php": ">=7.1"
            },
            "require-dev": {
                "codeclimate/php-test-reporter": "dev-master",
                "phpunit/phpunit": "~5.0"
            },
            "type": "library",
            "autoload": {
                "psr-0": {
                    "CrEOF\\Geo\\String": "lib/"
                }
            },
            "notification-url": "https://packagist.org/downloads/",
            "license": [
                "MIT"
            ],
            "authors": [
                {
                    "name": "Derek J. Lambert",
                    "email": "dlambert@dereklambert.com"
                }
            ],
            "description": "Parser for geography coordinate strings",
            "keywords": [
                "coordinate",
                "geo",
                "geography",
                "geometry",
                "lexer",
                "parser",
                "spatial",
                "string",
                "text"
            ],
            "time": "2019-08-07T17:45:01+00:00"
        },
        {
            "name": "creof/wkb-parser",
            "version": "v2.3.0",
            "source": {
                "type": "git",
                "url": "https://github.com/creof/wkb-parser.git",
                "reference": "1ddb69da8cc90607dd528fd9992ef1fc10cc8839"
            },
            "dist": {
                "type": "zip",
                "url": "https://api.github.com/repos/creof/wkb-parser/zipball/1ddb69da8cc90607dd528fd9992ef1fc10cc8839",
                "reference": "1ddb69da8cc90607dd528fd9992ef1fc10cc8839",
                "shasum": ""
            },
            "require": {
                "ext-spl": "*",
                "php": ">=5.3.3"
            },
            "require-dev": {
                "codeclimate/php-test-reporter": "dev-master",
                "phpunit/phpunit": ">=4.8",
                "satooshi/php-coveralls": "~1.0"
            },
            "type": "library",
            "autoload": {
                "psr-0": {
                    "CrEOF\\Geo\\WKB": "lib/"
                }
            },
            "notification-url": "https://packagist.org/downloads/",
            "license": [
                "MIT"
            ],
            "authors": [
                {
                    "name": "Derek J. Lambert",
                    "email": "dlambert@dereklambert.com"
                }
            ],
            "description": "Parser for well-known binary (WKB/EWKB) object data",
            "keywords": [
                "ewkb",
                "geography",
                "geometry",
                "parser",
                "spatial",
                "string",
                "text",
                "wkb"
            ],
            "time": "2016-05-22T22:47:16+00:00"
        },
        {
            "name": "creof/wkt-parser",
            "version": "2.2.0",
            "source": {
                "type": "git",
                "url": "https://github.com/creof/wkt-parser.git",
                "reference": "bc4c051b7a4e99b4943e2ec358218ed200aa991e"
            },
            "dist": {
                "type": "zip",
                "url": "https://api.github.com/repos/creof/wkt-parser/zipball/bc4c051b7a4e99b4943e2ec358218ed200aa991e",
                "reference": "bc4c051b7a4e99b4943e2ec358218ed200aa991e",
                "shasum": ""
            },
            "require": {
                "doctrine/lexer": "~1.0",
                "ext-spl": "*",
                "php": ">=5.3.3"
            },
            "require-dev": {
                "codeclimate/php-test-reporter": "dev-master",
                "phpunit/phpunit": ">=4.8"
            },
            "type": "library",
            "autoload": {
                "psr-0": {
                    "CrEOF\\Geo\\WKT": "lib/"
                }
            },
            "notification-url": "https://packagist.org/downloads/",
            "license": [
                "MIT"
            ],
            "authors": [
                {
                    "name": "Derek J. Lambert",
                    "email": "dlambert@dereklambert.com"
                }
            ],
            "description": "Parser for well-known text (WKT) object strings",
            "keywords": [
                "ewkt",
                "geography",
                "geometry",
                "lexer",
                "parser",
                "spatial",
                "string",
                "text",
                "wkt"
            ],
            "time": "2016-05-03T16:15:16+00:00"
        },
        {
            "name": "doctrine/lexer",
            "version": "1.2.1",
            "source": {
                "type": "git",
                "url": "https://github.com/doctrine/lexer.git",
                "reference": "e864bbf5904cb8f5bb334f99209b48018522f042"
            },
            "dist": {
                "type": "zip",
                "url": "https://api.github.com/repos/doctrine/lexer/zipball/e864bbf5904cb8f5bb334f99209b48018522f042",
                "reference": "e864bbf5904cb8f5bb334f99209b48018522f042",
                "shasum": ""
            },
            "require": {
                "php": "^7.2 || ^8.0"
            },
            "require-dev": {
                "doctrine/coding-standard": "^6.0",
                "phpstan/phpstan": "^0.11.8",
                "phpunit/phpunit": "^8.2"
            },
            "type": "library",
            "extra": {
                "branch-alias": {
                    "dev-master": "1.2.x-dev"
                }
            },
            "autoload": {
                "psr-4": {
                    "Doctrine\\Common\\Lexer\\": "lib/Doctrine/Common/Lexer"
                }
            },
            "notification-url": "https://packagist.org/downloads/",
            "license": [
                "MIT"
            ],
            "authors": [
                {
                    "name": "Guilherme Blanco",
                    "email": "guilhermeblanco@gmail.com"
                },
                {
                    "name": "Roman Borschel",
                    "email": "roman@code-factory.org"
                },
                {
                    "name": "Johannes Schmitt",
                    "email": "schmittjoh@gmail.com"
                }
            ],
            "description": "PHP Doctrine Lexer parser library that can be used in Top-Down, Recursive Descent Parsers.",
            "homepage": "https://www.doctrine-project.org/projects/lexer.html",
            "keywords": [
                "annotations",
                "docblock",
                "lexer",
                "parser",
                "php"
            ],
            "funding": [
                {
                    "url": "https://www.doctrine-project.org/sponsorship.html",
                    "type": "custom"
                },
                {
                    "url": "https://www.patreon.com/phpdoctrine",
                    "type": "patreon"
                },
                {
                    "url": "https://tidelift.com/funding/github/packagist/doctrine%2Flexer",
                    "type": "tidelift"
                }
            ],
            "time": "2020-05-25T17:44:05+00:00"
        },
        {
            "name": "firebase/php-jwt",
            "version": "v5.2.0",
            "source": {
                "type": "git",
                "url": "https://github.com/firebase/php-jwt.git",
                "reference": "feb0e820b8436873675fd3aca04f3728eb2185cb"
            },
            "dist": {
                "type": "zip",
                "url": "https://api.github.com/repos/firebase/php-jwt/zipball/feb0e820b8436873675fd3aca04f3728eb2185cb",
                "reference": "feb0e820b8436873675fd3aca04f3728eb2185cb",
                "shasum": ""
            },
            "require": {
                "php": ">=5.3.0"
            },
            "require-dev": {
                "phpunit/phpunit": ">=4.8 <=9"
            },
            "type": "library",
            "autoload": {
                "psr-4": {
                    "Firebase\\JWT\\": "src"
                }
            },
            "notification-url": "https://packagist.org/downloads/",
            "license": [
                "BSD-3-Clause"
            ],
            "authors": [
                {
                    "name": "Neuman Vong",
                    "email": "neuman+pear@twilio.com",
                    "role": "Developer"
                },
                {
                    "name": "Anant Narayanan",
                    "email": "anant@php.net",
                    "role": "Developer"
                }
            ],
            "description": "A simple library to encode and decode JSON Web Tokens (JWT) in PHP. Should conform to the current spec.",
            "homepage": "https://github.com/firebase/php-jwt",
            "keywords": [
                "jwt",
                "php"
            ],
            "time": "2020-03-25T18:49:23+00:00"
        }
    ],
    "packages-dev": [],
    "aliases": [],
    "minimum-stability": "stable",
    "stability-flags": [],
    "prefer-stable": false,
    "prefer-lowest": false,
    "platform": [],
    "platform-dev": [],
    "plugin-api-version": "1.1.0"
}
